
Microsoft Visual Studio Solution File, Format Version 12.00
# Visual Studio Version 16
VisualStudioVersion = 16.0.29230.47
MinimumVisualStudioVersion = 10.0.40219.1
Project("{FAE04EC0-301F-11D3-BF4B-00C04F79EFBC}") = "BankAccount", "FisrtsTests\BankAccount.csproj", "{334C1AA2-8B37-4CBA-B9CA-69FEDF14F317}"
EndProject
Project("{FAE04EC0-301F-11D3-BF4B-00C04F79EFBC}") = "BankAccount.Tests", "BancAccount.Tests\BankAccount.Tests.csproj", "{A9E9FF6D-140D-48FF-A262-3B59FD9D11A5}"
EndProject
Global
	GlobalSection(SolutionConfigurationPlatforms) = preSolution
		Debug|Any CPU = Debug|Any CPU
		Release|Any CPU = Release|Any CPU
	EndGlobalSection
	GlobalSection(ProjectConfigurationPlatforms) = postSolution
		{334C1AA2-8B37-4CBA-B9CA-69FEDF14F317}.Debug|Any CPU.ActiveCfg = Debug|Any CPU
		{334C1AA2-8B37-4CBA-B9CA-69FEDF14F317}.Debug|Any CPU.Build.0 = Debug|Any CPU
		{334C1AA2-8B37-4CBA-B9CA-69FEDF14F317}.Release|Any CPU.ActiveCfg = Release|Any CPU
		{334C1AA2-8B37-4CBA-B9CA-69FEDF14F317}.Release|Any CPU.Build.0 = Release|Any CPU
		{A9E9FF6D-140D-48FF-A262-3B59FD9D11A5}.Debug|Any CPU.ActiveCfg = Debug|Any CPU
		{A9E9FF6D-140D-48FF-A262-3B59FD9D11A5}.Debug|Any CPU.Build.0 = Debug|Any CPU
		{A9E9FF6D-140D-48FF-A262-3B59FD9D11A5}.Release|Any CPU.ActiveCfg = Release|Any CPU
		{A9E9FF6D-140D-48FF-A262-3B59FD9D11A5}.Release|Any CPU.Build.0 = Release|Any CPU
	EndGlobalSection
	GlobalSection(SolutionProperties) = preSolution
		HideSolutionNode = FALSE
	EndGlobalSection
	GlobalSection(ExtensibilityGlobals) = postSolution
		SolutionGuid = {5FFBADEC-24F4-4411-90A3-0D4988616359}
	EndGlobalSection
EndGlobal
